
Microsoft Visual Studio Solution File, Format Version 11.00
# Visual C# Express 2010
Project("{FAE04EC0-301F-11D3-BF4B-00C04F79EFBC}") = "OGRPlugin", "OGRPlugin\OGRPlugin.csproj", "{0B5AB20C-1A09-48F0-8164-333747A148ED}"
EndProject
Global
	GlobalSection(SolutionConfigurationPlatforms) = preSolution
		Debug|Any CPU = Debug|Any CPU
		Debug|Mixed Platforms = Debug|Mixed Platforms
		Debug|x86 = Debug|x86
		Release|Any CPU = Release|Any CPU
		Release|Mixed Platforms = Release|Mixed Platforms
		Release|x86 = Release|x86
	EndGlobalSection
	GlobalSection(ProjectConfigurationPlatforms) = postSolution
		{0B5AB20C-1A09-48F0-8164-333747A148ED}.Debug|Any CPU.ActiveCfg = Debug|Any CPU
		{0B5AB20C-1A09-48F0-8164-333747A148ED}.Debug|Any CPU.Build.0 = Debug|Any CPU
		{0B5AB20C-1A09-48F0-8164-333747A148ED}.Debug|Mixed Platforms.ActiveCfg = Debug|Any CPU
		{0B5AB20C-1A09-48F0-8164-333747A148ED}.Debug|Mixed Platforms.Build.0 = Debug|Any CPU
		{0B5AB20C-1A09-48F0-8164-333747A148ED}.Debug|x86.ActiveCfg = Debug|Any CPU
		{0B5AB20C-1A09-48F0-8164-333747A148ED}.Release|Any CPU.ActiveCfg = Release|Any CPU
		{0B5AB20C-1A09-48F0-8164-333747A148ED}.Release|Any CPU.Build.0 = Release|Any CPU
		{0B5AB20C-1A09-48F0-8164-333747A148ED}.Release|Mixed Platforms.ActiveCfg = Release|Any CPU
		{0B5AB20C-1A09-48F0-8164-333747A148ED}.Release|Mixed Platforms.Build.0 = Release|Any CPU
		{0B5AB20C-1A09-48F0-8164-333747A148ED}.Release|x86.ActiveCfg = Release|Any CPU
	EndGlobalSection
	GlobalSection(SolutionProperties) = preSolution
		HideSolutionNode = FALSE
	EndGlobalSection
EndGlobal
